Microsoft Visual Studio Solution File, Format Version 11.00
# Visual Studio 2008

Project("{57A26FF9-9967-F949-54F8-04E135E7685F}") = "CosmicClash", "Assembly-CSharp-firstpass-vs.csproj", "{BAE31B12-403C-C94A-A924-7E63FAA01DA0}"
EndProject
Project("{57A26FF9-9967-F949-54F8-04E135E7685F}") = "CosmicClash", "Assembly-CSharp-vs.csproj", "{18A6D226-C5CB-9FF8-3675-447165613969}"
EndProject
Project("{57A26FF9-9967-F949-54F8-04E135E7685F}") = "CosmicClash", "Assembly-CSharp-Editor-vs.csproj", "{8436E462-027D-CA36-D214-926D6E2516ED}"
EndProject
Global
	GlobalSection(SolutionConfigurationPlatforms) = preSolution
		Debug|Any CPU = Debug|Any CPU
		Release|Any CPU = Release|Any CPU
	EndGlobalSection
	GlobalSection(ProjectConfigurationPlatforms) = postSolution
		{BAE31B12-403C-C94A-A924-7E63FAA01DA0}.Debug|Any CPU.ActiveCfg = Debug|Any CPU
		{BAE31B12-403C-C94A-A924-7E63FAA01DA0}.Debug|Any CPU.Build.0 = Debug|Any CPU
		{BAE31B12-403C-C94A-A924-7E63FAA01DA0}.Release|Any CPU.ActiveCfg = Release|Any CPU
		{BAE31B12-403C-C94A-A924-7E63FAA01DA0}.Release|Any CPU.Build.0 = Release|Any CPU
		{18A6D226-C5CB-9FF8-3675-447165613969}.Debug|Any CPU.ActiveCfg = Debug|Any CPU
		{18A6D226-C5CB-9FF8-3675-447165613969}.Debug|Any CPU.Build.0 = Debug|Any CPU
		{18A6D226-C5CB-9FF8-3675-447165613969}.Release|Any CPU.ActiveCfg = Release|Any CPU
		{18A6D226-C5CB-9FF8-3675-447165613969}.Release|Any CPU.Build.0 = Release|Any CPU
		{8436E462-027D-CA36-D214-926D6E2516ED}.Debug|Any CPU.ActiveCfg = Debug|Any CPU
		{8436E462-027D-CA36-D214-926D6E2516ED}.Debug|Any CPU.Build.0 = Debug|Any CPU
		{8436E462-027D-CA36-D214-926D6E2516ED}.Release|Any CPU.ActiveCfg = Release|Any CPU
		{8436E462-027D-CA36-D214-926D6E2516ED}.Release|Any CPU.Build.0 = Release|Any CPU
	EndGlobalSection
	GlobalSection(SolutionProperties) = preSolution
		HideSolutionNode = FALSE
	EndGlobalSection
																																																																							GlobalSection(MonoDevelopProperties) = preSolution
		StartupItem = Assembly-CSharp.csproj
		Policies = $0
		$0.TextStylePolicy = $1
		$1.inheritsSet = null
		$1.scope = text/x-csharp
		$0.CSharpFormattingPolicy = $2
		$2.inheritsSet = Mono
		$2.inheritsScope = text/x-csharp
		$2.scope = text/x-csharp
		$0.TextStylePolicy = $3
		$3.FileWidth = 120
		$3.TabWidth = 4
		$3.EolMarker = Unix
		$3.inheritsSet = Mono
		$3.inheritsScope = text/plain
		$3.scope = text/plain
	EndGlobalSection

EndGlobal
